// !$*UTF8*$!
{
	archiveVersion = 1;
	classes = {
	};
	objectVersion = 55;
	objects = {

/* Begin PBXBuildFile section */
		2A13E3972756B07700D85928 /* AppDelegate.swift in Sources */ = {isa = PBXBuildFile; fileRef = 2A13E3962756B07700D85928 /* AppDelegate.swift */; };
		2A13E3992756B07700D85928 /* SceneDelegate.swift in Sources */ = {isa = PBXBuildFile; fileRef = 2A13E3982756B07700D85928 /* SceneDelegate.swift */; };
		2A13E39B2756B07700D85928 /* ViewController.swift in Sources */ = {isa = PBXBuildFile; fileRef = 2A13E39A2756B07700D85928 /* ViewController.swift */; };
		2A13E39E2756B07700D85928 /* Main.storyboard in Resources */ = {isa = PBXBuildFile; fileRef = 2A13E39C2756B07700D85928 /* Main.storyboard */; };
		2A13E3A12756B07700D85928 /* starwars_prozi.xcdatamodeld in Sources */ = {isa = PBXBuildFile; fileRef = 2A13E39F2756B07700D85928 /* starwars_prozi.xcdatamodeld */; };
		2A13E3A32756B07A00D85928 /* Assets.xcassets in Resources */ = {isa = PBXBuildFile; fileRef = 2A13E3A22756B07A00D85928 /* Assets.xcassets */; };
		2A13E3A62756B07A00D85928 /* LaunchScreen.storyboard in Resources */ = {isa = PBXBuildFile; fileRef = 2A13E3A42756B07A00D85928 /* LaunchScreen.storyboard */; };
		2A13E3B12756B07A00D85928 /* starwars_proziTests.swift in Sources */ = {isa = PBXBuildFile; fileRef = 2A13E3B02756B07A00D85928 /* starwars_proziTests.swift */; };
		2A13E3BB2756B07A00D85928 /* starwars_proziUITests.swift in Sources */ = {isa = PBXBuildFile; fileRef = 2A13E3BA2756B07A00D85928 /* starwars_proziUITests.swift */; };
		2A13E3BD2756B07A00D85928 /* starwars_proziUITestsLaunchTests.swift in Sources */ = {isa = PBXBuildFile; fileRef = 2A13E3BC2756B07A00D85928 /* starwars_proziUITestsLaunchTests.swift */; };
/* End PBXBuildFile section */

/* Begin PBXContainerItemProxy section */
		2A13E3AD2756B07A00D85928 /* PBXContainerItemProxy */ = {
			isa = PBXContainerItemProxy;
			containerPortal = 2A13E38B2756B07700D85928 /* Project object */;
			proxyType = 1;
			remoteGlobalIDString = 2A13E3922756B07700D85928;
			remoteInfo = "starwars-prozi";
		};
		2A13E3B72756B07A00D85928 /* PBXContainerItemProxy */ = {
			isa = PBXContainerItemProxy;
			containerPortal = 2A13E38B2756B07700D85928 /* Project object */;
			proxyType = 1;
			remoteGlobalIDString = 2A13E3922756B07700D85928;
			remoteInfo = "starwars-prozi";
		};
/* End PBXContainerItemProxy section */

/* Begin PBXFileReference section */
		2A13E3932756B07700D85928 /* starwars-prozi.app */ = {isa = PBXFileReference; explicitFileType = wrapper.application; includeInIndex = 0; path = "starwars-prozi.app"; sourceTree = BUILT_PRODUCTS_DIR; };
		2A13E3962756B07700D85928 /* AppDelegate.swift */ = {isa = PBXFileReference; lastKnownFileType = sourcecode.swift; path = AppDelegate.swift; sourceTree = "<group>"; };
		2A13E3982756B07700D85928 /* SceneDelegate.swift */ = {isa = PBXFileReference; lastKnownFileType = sourcecode.swift; path = SceneDelegate.swift; sourceTree = "<group>"; };
		2A13E39A2756B07700D85928 /* ViewController.swift */ = {isa = PBXFileReference; lastKnownFileType = sourcecode.swift; path = ViewController.swift; sourceTree = "<group>"; };
		2A13E39D2756B07700D85928 /* Base */ = {isa = PBXFileReference; lastKnownFileType = file.storyboard; name = Base; path = Base.lproj/Main.storyboard; sourceTree = "<group>"; };
		2A13E3A02756B07700D85928 /* starwars_prozi.xcdatamodel */ = {isa = PBXFileReference; lastKnownFileType = wrapper.xcdatamodel; path = starwars_prozi.xcdatamodel; sourceTree = "<group>"; };
		2A13E3A22756B07A00D85928 /* Assets.xcassets */ = {isa = PBXFileReference; lastKnownFileType = folder.assetcatalog; path = Assets.xcassets; sourceTree = "<group>"; };
		2A13E3A52756B07A00D85928 /* Base */ = {isa = PBXFileReference; lastKnownFileType = file.storyboard; name = Base; path = Base.lproj/LaunchScreen.storyboard; sourceTree = "<group>"; };
		2A13E3A72756B07A00D85928 /* Info.plist */ = {isa = PBXFileReference; lastKnownFileType = text.plist.xml; path = Info.plist; sourceTree = "<group>"; };
		2A13E3AC2756B07A00D85928 /* starwars-proziTests.xctest */ = {isa = PBXFileReference; explicitFileType = wrapper.cfbundle; includeInIndex = 0; path = "starwars-proziTests.xctest"; sourceTree = BUILT_PRODUCTS_DIR; };
		2A13E3B02756B07A00D85928 /* starwars_proziTests.swift */ = {isa = PBXFileReference; lastKnownFileType = sourcecode.swift; path = starwars_proziTests.swift; sourceTree = "<group>"; };
		2A13E3B62756B07A00D85928 /* starwars-proziUITests.xctest */ = {isa = PBXFileReference; explicitFileType = wrapper.cfbundle; includeInIndex = 0; path = "starwars-proziUITests.xctest"; sourceTree = BUILT_PRODUCTS_DIR; };
		2A13E3BA2756B07A00D85928 /* starwars_proziUITests.swift */ = {isa = PBXFileReference; lastKnownFileType = sourcecode.swift; path = starwars_proziUITests.swift; sourceTree = "<group>"; };
		2A13E3BC2756B07A00D85928 /* starwars_proziUITestsLaunchTests.swift */ = {isa = PBXFileReference; lastKnownFileType = sourcecode.swift; path = starwars_proziUITestsLaunchTests.swift; sourceTree = "<group>"; };
/* End PBXFileReference section */

/* Begin PBXFrameworksBuildPhase section */
		2A13E3902756B07700D85928 /* Frameworks */ = {
			isa = PBXFrameworksBuildPhase;
			buildActionMask = 2147483647;
			files = (
			);
			runOnlyForDeploymentPostprocessing = 0;
		};
		2A13E3A92756B07A00D85928 /* Frameworks */ = {
			isa = PBXFrameworksBuildPhase;
			buildActionMask = 2147483647;
			files = (
			);
			runOnlyForDeploymentPostprocessing = 0;
		};
		2A13E3B32756B07A00D85928 /* Frameworks */ = {
			isa = PBXFrameworksBuildPhase;
			buildActionMask = 2147483647;
			files = (
			);
			runOnlyForDeploymentPostprocessing = 0;
		};
/* End PBXFrameworksBuildPhase section */

/* Begin PBXGroup section */
		2A13E38A2756B07700D85928 = {
			isa = PBXGroup;
			children = (
				2A13E3952756B07700D85928 /* starwars-prozi */,
				2A13E3AF2756B07A00D85928 /* starwars-proziTests */,
				2A13E3B92756B07A00D85928 /* starwars-proziUITests */,
				2A13E3942756B07700D85928 /* Products */,
			);
			sourceTree = "<group>";
		};
		2A13E3942756B07700D85928 /* Products */ = {
			isa = PBXGroup;
			children = (
				2A13E3932756B07700D85928 /* starwars-prozi.app */,
				2A13E3AC2756B07A00D85928 /* starwars-proziTests.xctest */,
				2A13E3B62756B07A00D85928 /* starwars-proziUITests.xctest */,
			);
			name = Products;
			sourceTree = "<group>";
		};
		2A13E3952756B07700D85928 /* starwars-prozi */ = {
			isa = PBXGroup;
			children = (
				2A13E3962756B07700D85928 /* AppDelegate.swift */,
				2A13E3982756B07700D85928 /* SceneDelegate.swift */,
				2A13E39A2756B07700D85928 /* ViewController.swift */,
				2A13E39C2756B07700D85928 /* Main.storyboard */,
				2A13E3A22756B07A00D85928 /* Assets.xcassets */,
				2A13E3A42756B07A00D85928 /* LaunchScreen.storyboard */,
				2A13E3A72756B07A00D85928 /* Info.plist */,
				2A13E39F2756B07700D85928 /* starwars_prozi.xcdatamodeld */,
			);
			path = "starwars-prozi";
			sourceTree = "<group>";
		};
		2A13E3AF2756B07A00D85928 /* starwars-proziTests */ = {
			isa = PBXGroup;
			children = (
				2A13E3B02756B07A00D85928 /* starwars_proziTests.swift */,
			);
			path = "starwars-proziTests";
			sourceTree = "<group>";
		};
		2A13E3B92756B07A00D85928 /* starwars-proziUITests */ = {
			isa = PBXGroup;
			children = (
				2A13E3BA2756B07A00D85928 /* starwars_proziUITests.swift */,
				2A13E3BC2756B07A00D85928 /* starwars_proziUITestsLaunchTests.swift */,
			);
			path = "starwars-proziUITests";
			sourceTree = "<group>";
		};
/* End PBXGroup section */

/* Begin PBXNativeTarget section */
		2A13E3922756B07700D85928 /* starwars-prozi */ = {
			isa = PBXNativeTarget;
			buildConfigurationList = 2A13E3C02756B07A00D85928 /* Build configuration list for PBXNativeTarget "starwars-prozi" */;
			buildPhases = (
				2A13E38F2756B07700D85928 /* Sources */,
				2A13E3902756B07700D85928 /* Frameworks */,
				2A13E3912756B07700D85928 /* Resources */,
			);
			buildRules = (
			);
			dependencies = (
			);
			name = "starwars-prozi";
			productName = "starwars-prozi";
			productReference = 2A13E3932756B07700D85928 /* starwars-prozi.app */;
			productType = "com.apple.product-type.application";
		};
		2A13E3AB2756B07A00D85928 /* starwars-proziTests */ = {
			isa = PBXNativeTarget;
			buildConfigurationList = 2A13E3C32756B07A00D85928 /* Build configuration list for PBXNativeTarget "starwars-proziTests" */;
			buildPhases = (
				2A13E3A82756B07A00D85928 /* Sources */,
				2A13E3A92756B07A00D85928 /* Frameworks */,
				2A13E3AA2756B07A00D85928 /* Resources */,
			);
			buildRules = (
			);
			dependencies = (
				2A13E3AE2756B07A00D85928 /* PBXTargetDependency */,
			);
			name = "starwars-proziTests";
			productName = "starwars-proziTests";
			productReference = 2A13E3AC2756B07A00D85928 /* starwars-proziTests.xctest */;
			productType = "com.apple.product-type.bundle.unit-test";
		};
		2A13E3B52756B07A00D85928 /* starwars-proziUITests */ = {
			isa = PBXNativeTarget;
			buildConfigurationList = 2A13E3C62756B07A00D85928 /* Build configuration list for PBXNativeTarget "starwars-proziUITests" */;
			buildPhases = (
				2A13E3B22756B07A00D85928 /* Sources */,
				2A13E3B32756B07A00D85928 /* Frameworks */,
				2A13E3B42756B07A00D85928 /* Resources */,
			);
			buildRules = (
			);
			dependencies = (
				2A13E3B82756B07A00D85928 /* PBXTargetDependency */,
			);
			name = "starwars-proziUITests";
			productName = "starwars-proziUITests";
			productReference = 2A13E3B62756B07A00D85928 /* starwars-proziUITests.xctest */;
			productType = "com.apple.product-type.bundle.ui-testing";
		};
/* End PBXNativeTarget section */

/* Begin PBXProject section */
		2A13E38B2756B07700D85928 /* Project object */ = {
			isa = PBXProject;
			attributes = {
				BuildIndependentTargetsInParallel = 1;
				LastSwiftUpdateCheck = 1310;
				LastUpgradeCheck = 1310;
				TargetAttributes = {
					2A13E3922756B07700D85928 = {
						CreatedOnToolsVersion = 13.1;
					};
					2A13E3AB2756B07A00D85928 = {
						CreatedOnToolsVersion = 13.1;
						TestTargetID = 2A13E3922756B07700D85928;
					};
					2A13E3B52756B07A00D85928 = {
						CreatedOnToolsVersion = 13.1;
						TestTargetID = 2A13E3922756B07700D85928;
					};
				};
			};
			buildConfigurationList = 2A13E38E2756B07700D85928 /* Build configuration list for PBXProject "starwars-prozi" */;
			compatibilityVersion = "Xcode 13.0";
			developmentRegion = en;
			hasScannedForEncodings = 0;
			knownRegions = (
				en,
				Base,
			);
			mainGroup = 2A13E38A2756B07700D85928;
			productRefGroup = 2A13E3942756B07700D85928 /* Products */;
			projectDirPath = "";
			projectRoot = "";
			targets = (
				2A13E3922756B07700D85928 /* starwars-prozi */,
				2A13E3AB2756B07A00D85928 /* starwars-proziTests */,
				2A13E3B52756B07A00D85928 /* starwars-proziUITests */,
			);
		};
/* End PBXProject section */

/* Begin PBXResourcesBuildPhase section */
		2A13E3912756B07700D85928 /* Resources */ = {
			isa = PBXResourcesBuildPhase;
			buildActionMask = 2147483647;
			files = (
				2A13E3A62756B07A00D85928 /* LaunchScreen.storyboard in Resources */,
				2A13E3A32756B07A00D85928 /* Assets.xcassets in Resources */,
				2A13E39E2756B07700D85928 /* Main.storyboard in Resources */,
			);
			runOnlyForDeploymentPostprocessing = 0;
		};
		2A13E3AA2756B07A00D85928 /* Resources */ = {
			isa = PBXResourcesBuildPhase;
			buildActionMask = 2147483647;
			files = (
			);
			runOnlyForDeploymentPostprocessing = 0;
		};
		2A13E3B42756B07A00D85928 /* Resources */ = {
			isa = PBXResourcesBuildPhase;
			buildActionMask = 2147483647;
			files = (
			);
			runOnlyForDeploymentPostprocessing = 0;
		};
/* End PBXResourcesBuildPhase section */

/* Begin PBXSourcesBuildPhase section */
		2A13E38F2756B07700D85928 /* Sources */ = {
			isa = PBXSourcesBuildPhase;
			buildActionMask = 2147483647;
			files = (
				2A13E39B2756B07700D85928 /* ViewController.swift in Sources */,
				2A13E3A12756B07700D85928 /* starwars_prozi.xcdatamodeld in Sources */,
				2A13E3972756B07700D85928 /* AppDelegate.swift in Sources */,
				2A13E3992756B07700D85928 /* SceneDelegate.swift in Sources */,
			);
			runOnlyForDeploymentPostprocessing = 0;
		};
		2A13E3A82756B07A00D85928 /* Sources */ = {
			isa = PBXSourcesBuildPhase;
			buildActionMask = 2147483647;
			files = (
				2A13E3B12756B07A00D85928 /* starwars_proziTests.swift in Sources */,
			);
			runOnlyForDeploymentPostprocessing = 0;
		};
		2A13E3B22756B07A00D85928 /* Sources */ = {
			isa = PBXSourcesBuildPhase;
			buildActionMask = 2147483647;
			files = (
				2A13E3BD2756B07A00D85928 /* starwars_proziUITestsLaunchTests.swift in Sources */,
				2A13E3BB2756B07A00D85928 /* starwars_proziUITests.swift in Sources */,
			);
			runOnlyForDeploymentPostprocessing = 0;
		};
/* End PBXSourcesBuildPhase section */

/* Begin PBXTargetDependency section */
		2A13E3AE2756B07A00D85928 /* PBXTargetDependency */ = {
			isa = PBXTargetDependency;
			target = 2A13E3922756B07700D85928 /* starwars-prozi */;
			targetProxy = 2A13E3AD2756B07A00D85928 /* PBXContainerItemProxy */;
		};
		2A13E3B82756B07A00D85928 /* PBXTargetDependency */ = {
			isa = PBXTargetDependency;
			target = 2A13E3922756B07700D85928 /* starwars-prozi */;
			targetProxy = 2A13E3B72756B07A00D85928 /* PBXContainerItemProxy */;
		};
/* End PBXTargetDependency section */

/* Begin PBXVariantGroup section */
		2A13E39C2756B07700D85928 /* Main.storyboard */ = {
			isa = PBXVariantGroup;
			children = (
				2A13E39D2756B07700D85928 /* Base */,
			);
			name = Main.storyboard;
			sourceTree = "<group>";
		};
		2A13E3A42756B07A00D85928 /* LaunchScreen.storyboard */ = {
			isa = PBXVariantGroup;
			children = (
				2A13E3A52756B07A00D85928 /* Base */,
			);
			name = LaunchScreen.storyboard;
			sourceTree = "<group>";
		};
/* End PBXVariantGroup section */

/* Begin XCBuildConfiguration section */
		2A13E3BE2756B07A00D85928 /* Debug */ = {
			isa = XCBuildConfiguration;
			buildSettings = {
				ALWAYS_SEARCH_USER_PATHS = NO;
				CLANG_ANALYZER_NONNULL = YES;
				CLANG_ANALYZER_NUMBER_OBJECT_CONVERSION = YES_AGGRESSIVE;
				CLANG_CXX_LANGUAGE_STANDARD = "gnu++17";
				CLANG_CXX_LIBRARY = "libc++";
				CLANG_ENABLE_MODULES = YES;
				CLANG_ENABLE_OBJC_ARC = YES;
				CLANG_ENABLE_OBJC_WEAK = YES;
				CLANG_WARN_BLOCK_CAPTURE_AUTORELEASING = YES;
				CLANG_WARN_BOOL_CONVERSION = YES;
				CLANG_WARN_COMMA = YES;
				CLANG_WARN_CONSTANT_CONVERSION = YES;
				CLANG_WARN_DEPRECATED_OBJC_IMPLEMENTATIONS = YES;
				CLANG_WARN_DIRECT_OBJC_ISA_USAGE = YES_ERROR;
				CLANG_WARN_DOCUMENTATION_COMMENTS = YES;
				CLANG_WARN_EMPTY_BODY = YES;
				CLANG_WARN_ENUM_CONVERSION = YES;
				CLANG_WARN_INFINITE_RECURSION = YES;
				CLANG_WARN_INT_CONVERSION = YES;
				CLANG_WARN_NON_LITERAL_NULL_CONVERSION = YES;
				CLANG_WARN_OBJC_IMPLICIT_RETAIN_SELF = YES;
				CLANG_WARN_OBJC_LITERAL_CONVERSION = YES;
				CLANG_WARN_OBJC_ROOT_CLASS = YES_ERROR;
				CLANG_WARN_QUOTED_INCLUDE_IN_FRAMEWORK_HEADER = YES;
				CLANG_WARN_RANGE_LOOP_ANALYSIS = YES;
				CLANG_WARN_STRICT_PROTOTYPES = YES;
				CLANG_WARN_SUSPICIOUS_MOVE = YES;
				CLANG_WARN_UNGUARDED_AVAILABILITY = YES_AGGRESSIVE;
				CLANG_WARN_UNREACHABLE_CODE = YES;
				CLANG_WARN__DUPLICATE_METHOD_MATCH = YES;
				COPY_PHASE_STRIP = NO;
				DEBUG_INFORMATION_FORMAT = dwarf;
				ENABLE_STRICT_OBJC_MSGSEND = YES;
				ENABLE_TESTABILITY = YES;
				GCC_C_LANGUAGE_STANDARD = gnu11;
				GCC_DYNAMIC_NO_PIC = NO;
				GCC_NO_COMMON_BLOCKS = YES;
				GCC_OPTIMIZATION_LEVEL = 0;
				GCC_PREPROCESSOR_DEFINITIONS = (
					"DEBUG=1",
					"$(inherited)",
				);
				GCC_WARN_64_TO_32_BIT_CONVERSION = YES;
				GCC_WARN_ABOUT_RETURN_TYPE = YES_ERROR;
				GCC_WARN_UNDECLARED_SELECTOR = YES;
				GCC_WARN_UNINITIALIZED_AUTOS = YES_AGGRESSIVE;
				GCC_WARN_UNUSED_FUNCTION = YES;
				GCC_WARN_UNUSED_VARIABLE = YES;
				IPHONEOS_DEPLOYMENT_TARGET = 15.0;
				MTL_ENABLE_DEBUG_INFO = INCLUDE_SOURCE;
				MTL_FAST_MATH = YES;
				ONLY_ACTIVE_ARCH = YES;
				SDKROOT = iphoneos;
				SWIFT_ACTIVE_COMPILATION_CONDITIONS = DEBUG;
				SWIFT_OPTIMIZATION_LEVEL = "-Onone";
			};
			name = Debug;
		};
		2A13E3BF2756B07A00D85928 /* Release */ = {
			isa = XCBuildConfiguration;
			buildSettings = {
				ALWAYS_SEARCH_USER_PATHS = NO;
				CLANG_ANALYZER_NONNULL = YES;
				CLANG_ANALYZER_NUMBER_OBJECT_CONVERSION = YES_AGGRESSIVE;
				CLANG_CXX_LANGUAGE_STANDARD = "gnu++17";
				CLANG_CXX_LIBRARY = "libc++";
				CLANG_ENABLE_MODULES = YES;
				CLANG_ENABLE_OBJC_ARC = YES;
				CLANG_ENABLE_OBJC_WEAK = YES;
				CLANG_WARN_BLOCK_CAPTURE_AUTORELEASING = YES;
				CLANG_WARN_BOOL_CONVERSION = YES;
				CLANG_WARN_COMMA = YES;
				CLANG_WARN_CONSTANT_CONVERSION = YES;
				CLANG_WARN_DEPRECATED_OBJC_IMPLEMENTATIONS = YES;
				CLANG_WARN_DIRECT_OBJC_ISA_USAGE = YES_ERROR;
				CLANG_WARN_DOCUMENTATION_COMMENTS = YES;
				CLANG_WARN_EMPTY_BODY = YES;
				CLANG_WARN_ENUM_CONVERSION = YES;
				CLANG_WARN_INFINITE_RECURSION = YES;
				CLANG_WARN_INT_CONVERSION = YES;
				CLANG_WARN_NON_LITERAL_NULL_CONVERSION = YES;
				CLANG_WARN_OBJC_IMPLICIT_RETAIN_SELF = YES;
				CLANG_WARN_OBJC_LITERAL_CONVERSION = YES;
				CLANG_WARN_OBJC_ROOT_CLASS = YES_ERROR;
				CLANG_WARN_QUOTED_INCLUDE_IN_FRAMEWORK_HEADER = YES;
				CLANG_WARN_RANGE_LOOP_ANALYSIS = YES;
				CLANG_WARN_STRICT_PROTOTYPES = YES;
				CLANG_WARN_SUSPICIOUS_MOVE = YES;
				CLANG_WARN_UNGUARDED_AVAILABILITY = YES_AGGRESSIVE;
				CLANG_WARN_UNREACHABLE_CODE = YES;
				CLANG_WARN__DUPLICATE_METHOD_MATCH = YES;
				COPY_PHASE_STRIP = NO;
				DEBUG_INFORMATION_FORMAT = "dwarf-with-dsym";
				ENABLE_NS_ASSERTIONS = NO;
				ENABLE_STRICT_OBJC_MSGSEND = YES;
				GCC_C_LANGUAGE_STANDARD = gnu11;
				GCC_NO_COMMON_BLOCKS = YES;
				GCC_WARN_64_TO_32_BIT_CONVERSION = YES;
				GCC_WARN_ABOUT_RETURN_TYPE = YES_ERROR;
				GCC_WARN_UNDECLARED_SELECTOR = YES;
				GCC_WARN_UNINITIALIZED_AUTOS = YES_AGGRESSIVE;
				GCC_WARN_UNUSED_FUNCTION = YES;
				GCC_WARN_UNUSED_VARIABLE = YES;
				IPHONEOS_DEPLOYMENT_TARGET = 15.0;
				MTL_ENABLE_DEBUG_INFO = NO;
				MTL_FAST_MATH = YES;
				SDKROOT = iphoneos;
				SWIFT_COMPILATION_MODE = wholemodule;
				SWIFT_OPTIMIZATION_LEVEL = "-O";
				VALIDATE_PRODUCT = YES;
			};
			name = Release;
		};
		2A13E3C12756B07A00D85928 /* Debug */ = {
			isa = XCBuildConfiguration;
			buildSettings = {
				ASSETCATALOG_COMPILER_APPICON_NAME = AppIcon;
				ASSETCATALOG_COMPILER_GLOBAL_ACCENT_COLOR_NAME = AccentColor;
				CODE_SIGN_STYLE = Automatic;
				CURRENT_PROJECT_VERSION = 1;
				DEVELOPMENT_TEAM = G42Z863W7H;
				GENERATE_INFOPLIST_FILE = YES;
				INFOPLIST_FILE = "starwars-prozi/Info.plist";
				INFOPLIST_KEY_UIApplicationSupportsIndirectInputEvents = YES;
				INFOPLIST_KEY_UILaunchStoryboardName = LaunchScreen;
				INFOPLIST_KEY_UIMainStoryboardFile = Main;
				INFOPLIST_KEY_UISupportedInterfaceOrientations_iPad = "UIInterfaceOrientationPortrait UIInterfaceOrientationPortraitUpsideDown UIInterfaceOrientationLandscapeLeft UIInterfaceOrientationLandscapeRight";
				INFOPLIST_KEY_UISupportedInterfaceOrientations_iPhone = "UIInterfaceOrientationPortrait UIInterfaceOrientationLandscapeLeft UIInterfaceOrientationLandscapeRight";
				LD_RUNPATH_SEARCH_PATHS = (
					"$(inherited)",
					"@executable_path/Frameworks",
				);
				MARKETING_VERSION = 1.0;
				PRODUCT_BUNDLE_IDENTIFIER = "rodrigofranzoi.starwars-prozi";
				PRODUCT_NAME = "$(TARGET_NAME)";
				SWIFT_EMIT_LOC_STRINGS = YES;
				SWIFT_VERSION = 5.0;
				TARGETED_DEVICE_FAMILY = "1,2";
			};
			name = Debug;
		};
		2A13E3C22756B07A00D85928 /* Release */ = {
			isa = XCBuildConfiguration;
			buildSettings = {
				ASSETCATALOG_COMPILER_APPICON_NAME = AppIcon;
				ASSETCATALOG_COMPILER_GLOBAL_ACCENT_COLOR_NAME = AccentColor;
				CODE_SIGN_STYLE = Automatic;
				CURRENT_PROJECT_VERSION = 1;
				DEVELOPMENT_TEAM = G42Z863W7H;
				GENERATE_INFOPLIST_FILE = YES;
				INFOPLIST_FILE = "starwars-prozi/Info.plist";
				INFOPLIST_KEY_UIApplicationSupportsIndirectInputEvents = YES;
				INFOPLIST_KEY_UILaunchStoryboardName = LaunchScreen;
				INFOPLIST_KEY_UIMainStoryboardFile = Main;
				INFOPLIST_KEY_UISupportedInterfaceOrientations_iPad = "UIInterfaceOrientationPortrait UIInterfaceOrientationPortraitUpsideDown UIInterfaceOrientationLandscapeLeft UIInterfaceOrientationLandscapeRight";
				INFOPLIST_KEY_UISupportedInterfaceOrientations_iPhone = "UIInterfaceOrientationPortrait UIInterfaceOrientationLandscapeLeft UIInterfaceOrientationLandscapeRight";
				LD_RUNPATH_SEARCH_PATHS = (
					"$(inherited)",
					"@executable_path/Frameworks",
				);
				MARKETING_VERSION = 1.0;
				PRODUCT_BUNDLE_IDENTIFIER = "rodrigofranzoi.starwars-prozi";
				PRODUCT_NAME = "$(TARGET_NAME)";
				SWIFT_EMIT_LOC_STRINGS = YES;
				SWIFT_VERSION = 5.0;
				TARGETED_DEVICE_FAMILY = "1,2";
			};
			name = Release;
		};
		2A13E3C42756B07A00D85928 /* Debug */ = {
			isa = XCBuildConfiguration;
			buildSettings = {
				ALWAYS_EMBED_SWIFT_STANDARD_LIBRARIES = YES;
				BUNDLE_LOADER = "$(TEST_HOST)";
				CODE_SIGN_STYLE = Automatic;
				CURRENT_PROJECT_VERSION = 1;
				DEVELOPMENT_TEAM = G42Z863W7H;
				GENERATE_INFOPLIST_FILE = YES;
				IPHONEOS_DEPLOYMENT_TARGET = 15.0;
				LD_RUNPATH_SEARCH_PATHS = (
					"$(inherited)",
					"@executable_path/Frameworks",
					"@loader_path/Frameworks",
				);
				MARKETING_VERSION = 1.0;
				PRODUCT_BUNDLE_IDENTIFIER = "rodrigofranzoi.starwars-proziTests";
				PRODUCT_NAME = "$(TARGET_NAME)";
				SWIFT_EMIT_LOC_STRINGS = NO;
				SWIFT_VERSION = 5.0;
				TARGETED_DEVICE_FAMILY = "1,2";
				TEST_HOST = "$(BUILT_PRODUCTS_DIR)/starwars-prozi.app/starwars-prozi";
			};
			name = Debug;
		};
		2A13E3C52756B07A00D85928 /* Release */ = {
			isa = XCBuildConfiguration;
			buildSettings = {
				ALWAYS_EMBED_SWIFT_STANDARD_LIBRARIES = YES;
				BUNDLE_LOADER = "$(TEST_HOST)";
				CODE_SIGN_STYLE = Automatic;
				CURRENT_PROJECT_VERSION = 1;
				DEVELOPMENT_TEAM = G42Z863W7H;
				GENERATE_INFOPLIST_FILE = YES;
				IPHONEOS_DEPLOYMENT_TARGET = 15.0;
				LD_RUNPATH_SEARCH_PATHS = (
					"$(inherited)",
					"@executable_path/Frameworks",
					"@loader_path/Frameworks",
				);
				MARKETING_VERSION = 1.0;
				PRODUCT_BUNDLE_IDENTIFIER = "rodrigofranzoi.starwars-proziTests";
				PRODUCT_NAME = "$(TARGET_NAME)";
				SWIFT_EMIT_LOC_STRINGS = NO;
				SWIFT_VERSION = 5.0;
				TARGETED_DEVICE_FAMILY = "1,2";
				TEST_HOST = "$(BUILT_PRODUCTS_DIR)/starwars-prozi.app/starwars-prozi";
			};
			name = Release;
		};
		2A13E3C72756B07A00D85928 /* Debug */ = {
			isa = XCBuildConfiguration;
			buildSettings = {
				ALWAYS_EMBED_SWIFT_STANDARD_LIBRARIES = YES;
				CODE_SIGN_STYLE = Automatic;
				CURRENT_PROJECT_VERSION = 1;
				DEVELOPMENT_TEAM = G42Z863W7H;
				GENERATE_INFOPLIST_FILE = YES;
				LD_RUNPATH_SEARCH_PATHS = (
					"$(inherited)",
					"@executable_path/Frameworks",
					"@loader_path/Frameworks",
				);
				MARKETING_VERSION = 1.0;
				PRODUCT_BUNDLE_IDENTIFIER = "rodrigofranzoi.starwars-proziUITests";
				PRODUCT_NAME = "$(TARGET_NAME)";
				SWIFT_EMIT_LOC_STRINGS = NO;
				SWIFT_VERSION = 5.0;
				TARGETED_DEVICE_FAMILY = "1,2";
				TEST_TARGET_NAME = "starwars-prozi";
			};
			name = Debug;
		};
		2A13E3C82756B07A00D85928 /* Release */ = {
			isa = XCBuildConfiguration;
			buildSettings = {
				ALWAYS_EMBED_SWIFT_STANDARD_LIBRARIES = YES;
				CODE_SIGN_STYLE = Automatic;
				CURRENT_PROJECT_VERSION = 1;
				DEVELOPMENT_TEAM = G42Z863W7H;
				GENERATE_INFOPLIST_FILE = YES;
				LD_RUNPATH_SEARCH_PATHS = (
					"$(inherited)",
					"@executable_path/Frameworks",
					"@loader_path/Frameworks",
				);
				MARKETING_VERSION = 1.0;
				PRODUCT_BUNDLE_IDENTIFIER = "rodrigofranzoi.starwars-proziUITests";
				PRODUCT_NAME = "$(TARGET_NAME)";
				SWIFT_EMIT_LOC_STRINGS = NO;
				SWIFT_VERSION = 5.0;
				TARGETED_DEVICE_FAMILY = "1,2";
				TEST_TARGET_NAME = "starwars-prozi";
			};
			name = Release;
		};
/* End XCBuildConfiguration section */

/* Begin XCConfigurationList section */
		2A13E38E2756B07700D85928 /* Build configuration list for PBXProject "starwars-prozi" */ = {
			isa = XCConfigurationList;
			buildConfigurations = (
				2A13E3BE2756B07A00D85928 /* Debug */,
				2A13E3BF2756B07A00D85928 /* Release */,
			);
			defaultConfigurationIsVisible = 0;
			defaultConfigurationName = Release;
		};
		2A13E3C02756B07A00D85928 /* Build configuration list for PBXNativeTarget "starwars-prozi" */ = {
			isa = XCConfigurationList;
			buildConfigurations = (
				2A13E3C12756B07A00D85928 /* Debug */,
				2A13E3C22756B07A00D85928 /* Release */,
			);
			defaultConfigurationIsVisible = 0;
			defaultConfigurationName = Release;
		};
		2A13E3C32756B07A00D85928 /* Build configuration list for PBXNativeTarget "starwars-proziTests" */ = {
			isa = XCConfigurationList;
			buildConfigurations = (
				2A13E3C42756B07A00D85928 /* Debug */,
				2A13E3C52756B07A00D85928 /* Release */,
			);
			defaultConfigurationIsVisible = 0;
			defaultConfigurationName = Release;
		};
		2A13E3C62756B07A00D85928 /* Build configuration list for PBXNativeTarget "starwars-proziUITests" */ = {
			isa = XCConfigurationList;
			buildConfigurations = (
				2A13E3C72756B07A00D85928 /* Debug */,
				2A13E3C82756B07A00D85928 /* Release */,
			);
			defaultConfigurationIsVisible = 0;
			defaultConfigurationName = Release;
		};
/* End XCConfigurationList section */

/* Begin XCVersionGroup section */
		2A13E39F2756B07700D85928 /* starwars_prozi.xcdatamodeld */ = {
			isa = XCVersionGroup;
			children = (
				2A13E3A02756B07700D85928 /* starwars_prozi.xcdatamodel */,
			);
			currentVersion = 2A13E3A02756B07700D85928 /* starwars_prozi.xcdatamodel */;
			path = starwars_prozi.xcdatamodeld;
			sourceTree = "<group>";
			versionGroupType = wrapper.xcdatamodel;
		};
/* End XCVersionGroup section */
	};
	rootObject = 2A13E38B2756B07700D85928 /* Project object */;
}
