// !$*UTF8*$!
{
	archiveVersion = 1;
	classes = {
	};
	objectVersion = 55;
	objects = {

/* Begin PBXBuildFile section */
		2A01D012275E71F900B8B1AF /* starwars_prozi.xcdatamodeld in Sources */ = {isa = PBXBuildFile; fileRef = 2A01D010275E71F900B8B1AF /* starwars_prozi.xcdatamodeld */; };
		2A13E3972756B07700D85928 /* AppDelegate.swift in Sources */ = {isa = PBXBuildFile; fileRef = 2A13E3962756B07700D85928 /* AppDelegate.swift */; };
		2A13E3992756B07700D85928 /* SceneDelegate.swift in Sources */ = {isa = PBXBuildFile; fileRef = 2A13E3982756B07700D85928 /* SceneDelegate.swift */; };
		2A13E39B2756B07700D85928 /* ViewController.swift in Sources */ = {isa = PBXBuildFile; fileRef = 2A13E39A2756B07700D85928 /* ViewController.swift */; };
		2A13E3A32756B07A00D85928 /* Assets.xcassets in Resources */ = {isa = PBXBuildFile; fileRef = 2A13E3A22756B07A00D85928 /* Assets.xcassets */; };
		2A13E3A62756B07A00D85928 /* LaunchScreen.storyboard in Resources */ = {isa = PBXBuildFile; fileRef = 2A13E3A42756B07A00D85928 /* LaunchScreen.storyboard */; };
		2A13E3B12756B07A00D85928 /* starwars_proziTests.swift in Sources */ = {isa = PBXBuildFile; fileRef = 2A13E3B02756B07A00D85928 /* starwars_proziTests.swift */; };
		2A13E3BB2756B07A00D85928 /* starwars_proziUITests.swift in Sources */ = {isa = PBXBuildFile; fileRef = 2A13E3BA2756B07A00D85928 /* starwars_proziUITests.swift */; };
		2A13E3BD2756B07A00D85928 /* starwars_proziUITestsLaunchTests.swift in Sources */ = {isa = PBXBuildFile; fileRef = 2A13E3BC2756B07A00D85928 /* starwars_proziUITestsLaunchTests.swift */; };
		2A13E3CA2756CA6600D85928 /* RestManager.swift in Sources */ = {isa = PBXBuildFile; fileRef = 2A13E3C92756CA6600D85928 /* RestManager.swift */; };
		2A13E3D12756CF7600D85928 /* Character.swift in Sources */ = {isa = PBXBuildFile; fileRef = 2A13E3D02756CF7600D85928 /* Character.swift */; };
		2A1509AF27581BDE007CAB75 /* Film.swift in Sources */ = {isa = PBXBuildFile; fileRef = 2A1509AE27581BDE007CAB75 /* Film.swift */; };
		2A1509B127582399007CAB75 /* FilmServiceProtocols.swift in Sources */ = {isa = PBXBuildFile; fileRef = 2A1509B027582399007CAB75 /* FilmServiceProtocols.swift */; };
		2A1509B427585DD4007CAB75 /* MainViewModel.swift in Sources */ = {isa = PBXBuildFile; fileRef = 2A1509B327585DD3007CAB75 /* MainViewModel.swift */; };
		2A1509B627585E19007CAB75 /* CharactersServiceProtocols.swift in Sources */ = {isa = PBXBuildFile; fileRef = 2A1509B527585E19007CAB75 /* CharactersServiceProtocols.swift */; };
		2A1509B8275869E0007CAB75 /* PlanetServiceProtocols.swift in Sources */ = {isa = PBXBuildFile; fileRef = 2A1509B7275869E0007CAB75 /* PlanetServiceProtocols.swift */; };
		2A1509BA27586F61007CAB75 /* DeveloperView.swift in Sources */ = {isa = PBXBuildFile; fileRef = 2A1509B927586F61007CAB75 /* DeveloperView.swift */; };
		2A1509BD2758F497007CAB75 /* Starjout-Normal.ttf in Resources */ = {isa = PBXBuildFile; fileRef = 2A1509BC2758F46A007CAB75 /* Starjout-Normal.ttf */; };
		2A3FAF652757BFE900935C34 /* Species.swift in Sources */ = {isa = PBXBuildFile; fileRef = 2A3FAF642757BFE900935C34 /* Species.swift */; };
		2A3FAF672757C4C200935C34 /* CharacterList.swift in Sources */ = {isa = PBXBuildFile; fileRef = 2A3FAF662757C4C200935C34 /* CharacterList.swift */; };
		2A3FAF6A2757CD6600935C34 /* CompletionStatus.swift in Sources */ = {isa = PBXBuildFile; fileRef = 2A3FAF692757CD6600935C34 /* CompletionStatus.swift */; };
		2AA2FB222756F6BD0015E543 /* MainCell.swift in Sources */ = {isa = PBXBuildFile; fileRef = 2AA2FB212756F6BD0015E543 /* MainCell.swift */; };
		2AA2FB272756FA290015E543 /* StringExtension.swift in Sources */ = {isa = PBXBuildFile; fileRef = 2AA2FB262756FA290015E543 /* StringExtension.swift */; };
		2AA2FB292757A65E0015E543 /* DetailViewController.swift in Sources */ = {isa = PBXBuildFile; fileRef = 2AA2FB282757A65E0015E543 /* DetailViewController.swift */; };
		2AA2FB2C2757A7290015E543 /* DetailViewModel.swift in Sources */ = {isa = PBXBuildFile; fileRef = 2AA2FB2B2757A7290015E543 /* DetailViewModel.swift */; };
		2AA2FB2E2757B0B40015E543 /* Planet.swift in Sources */ = {isa = PBXBuildFile; fileRef = 2AA2FB2D2757B0B40015E543 /* Planet.swift */; };
		2AEC894F27592E0E00963989 /* FavoritesManager.swift in Sources */ = {isa = PBXBuildFile; fileRef = 2AEC894E27592E0E00963989 /* FavoritesManager.swift */; };
		97071B2F7AAB4E63FA576C5D /* Pods_starwars_prozi.framework in Frameworks */ = {isa = PBXBuildFile; fileRef = B2BE03EA2DD41EC157D59939 /* Pods_starwars_prozi.framework */; };
/* End PBXBuildFile section */

/* Begin PBXContainerItemProxy section */
		2A13E3AD2756B07A00D85928 /* PBXContainerItemProxy */ = {
			isa = PBXContainerItemProxy;
			containerPortal = 2A13E38B2756B07700D85928 /* Project object */;
			proxyType = 1;
			remoteGlobalIDString = 2A13E3922756B07700D85928;
			remoteInfo = "starwars-prozi";
		};
		2A13E3B72756B07A00D85928 /* PBXContainerItemProxy */ = {
			isa = PBXContainerItemProxy;
			containerPortal = 2A13E38B2756B07700D85928 /* Project object */;
			proxyType = 1;
			remoteGlobalIDString = 2A13E3922756B07700D85928;
			remoteInfo = "starwars-prozi";
		};
/* End PBXContainerItemProxy section */

/* Begin PBXFileReference section */
		2A01D011275E71F900B8B1AF /* starwars_prozi.xcdatamodel */ = {isa = PBXFileReference; lastKnownFileType = wrapper.xcdatamodel; path = starwars_prozi.xcdatamodel; sourceTree = "<group>"; };
		2A13E3932756B07700D85928 /* starwars-prozi.app */ = {isa = PBXFileReference; explicitFileType = wrapper.application; includeInIndex = 0; path = "starwars-prozi.app"; sourceTree = BUILT_PRODUCTS_DIR; };
		2A13E3962756B07700D85928 /* AppDelegate.swift */ = {isa = PBXFileReference; lastKnownFileType = sourcecode.swift; path = AppDelegate.swift; sourceTree = "<group>"; };
		2A13E3982756B07700D85928 /* SceneDelegate.swift */ = {isa = PBXFileReference; lastKnownFileType = sourcecode.swift; path = SceneDelegate.swift; sourceTree = "<group>"; };
		2A13E39A2756B07700D85928 /* ViewController.swift */ = {isa = PBXFileReference; lastKnownFileType = sourcecode.swift; path = ViewController.swift; sourceTree = "<group>"; };
		2A13E3A22756B07A00D85928 /* Assets.xcassets */ = {isa = PBXFileReference; lastKnownFileType = folder.assetcatalog; path = Assets.xcassets; sourceTree = "<group>"; };
		2A13E3A52756B07A00D85928 /* Base */ = {isa = PBXFileReference; lastKnownFileType = file.storyboard; name = Base; path = Base.lproj/LaunchScreen.storyboard; sourceTree = "<group>"; };
		2A13E3A72756B07A00D85928 /* Info.plist */ = {isa = PBXFileReference; lastKnownFileType = text.plist.xml; path = Info.plist; sourceTree = "<group>"; };
		2A13E3AC2756B07A00D85928 /* starwars-proziTests.xctest */ = {isa = PBXFileReference; explicitFileType = wrapper.cfbundle; includeInIndex = 0; path = "starwars-proziTests.xctest"; sourceTree = BUILT_PRODUCTS_DIR; };
		2A13E3B02756B07A00D85928 /* starwars_proziTests.swift */ = {isa = PBXFileReference; lastKnownFileType = sourcecode.swift; path = starwars_proziTests.swift; sourceTree = "<group>"; };
		2A13E3B62756B07A00D85928 /* starwars-proziUITests.xctest */ = {isa = PBXFileReference; explicitFileType = wrapper.cfbundle; includeInIndex = 0; path = "starwars-proziUITests.xctest"; sourceTree = BUILT_PRODUCTS_DIR; };
		2A13E3BA2756B07A00D85928 /* starwars_proziUITests.swift */ = {isa = PBXFileReference; lastKnownFileType = sourcecode.swift; path = starwars_proziUITests.swift; sourceTree = "<group>"; };
		2A13E3BC2756B07A00D85928 /* starwars_proziUITestsLaunchTests.swift */ = {isa = PBXFileReference; lastKnownFileType = sourcecode.swift; path = starwars_proziUITestsLaunchTests.swift; sourceTree = "<group>"; };
		2A13E3C92756CA6600D85928 /* RestManager.swift */ = {isa = PBXFileReference; lastKnownFileType = sourcecode.swift; path = RestManager.swift; sourceTree = "<group>"; };
		2A13E3D02756CF7600D85928 /* Character.swift */ = {isa = PBXFileReference; lastKnownFileType = sourcecode.swift; path = Character.swift; sourceTree = "<group>"; };
		2A1509AE27581BDE007CAB75 /* Film.swift */ = {isa = PBXFileReference; lastKnownFileType = sourcecode.swift; path = Film.swift; sourceTree = "<group>"; };
		2A1509B027582399007CAB75 /* FilmServiceProtocols.swift */ = {isa = PBXFileReference; lastKnownFileType = sourcecode.swift; path = FilmServiceProtocols.swift; sourceTree = "<group>"; };
		2A1509B327585DD3007CAB75 /* MainViewModel.swift */ = {isa = PBXFileReference; lastKnownFileType = sourcecode.swift; path = MainViewModel.swift; sourceTree = "<group>"; };
		2A1509B527585E19007CAB75 /* CharactersServiceProtocols.swift */ = {isa = PBXFileReference; lastKnownFileType = sourcecode.swift; path = CharactersServiceProtocols.swift; sourceTree = "<group>"; };
		2A1509B7275869E0007CAB75 /* PlanetServiceProtocols.swift */ = {isa = PBXFileReference; lastKnownFileType = sourcecode.swift; path = PlanetServiceProtocols.swift; sourceTree = "<group>"; };
		2A1509B927586F61007CAB75 /* DeveloperView.swift */ = {isa = PBXFileReference; lastKnownFileType = sourcecode.swift; path = DeveloperView.swift; sourceTree = "<group>"; };
		2A1509BC2758F46A007CAB75 /* Starjout-Normal.ttf */ = {isa = PBXFileReference; lastKnownFileType = file; path = "Starjout-Normal.ttf"; sourceTree = "<group>"; };
		2A3FAF642757BFE900935C34 /* Species.swift */ = {isa = PBXFileReference; lastKnownFileType = sourcecode.swift; path = Species.swift; sourceTree = "<group>"; };
		2A3FAF662757C4C200935C34 /* CharacterList.swift */ = {isa = PBXFileReference; lastKnownFileType = sourcecode.swift; path = CharacterList.swift; sourceTree = "<group>"; };
		2A3FAF692757CD6600935C34 /* CompletionStatus.swift */ = {isa = PBXFileReference; lastKnownFileType = sourcecode.swift; path = CompletionStatus.swift; sourceTree = "<group>"; };
		2AA2FB212756F6BD0015E543 /* MainCell.swift */ = {isa = PBXFileReference; lastKnownFileType = sourcecode.swift; path = MainCell.swift; sourceTree = "<group>"; };
		2AA2FB262756FA290015E543 /* StringExtension.swift */ = {isa = PBXFileReference; lastKnownFileType = sourcecode.swift; path = StringExtension.swift; sourceTree = "<group>"; };
		2AA2FB282757A65E0015E543 /* DetailViewController.swift */ = {isa = PBXFileReference; lastKnownFileType = sourcecode.swift; path = DetailViewController.swift; sourceTree = "<group>"; };
		2AA2FB2B2757A7290015E543 /* DetailViewModel.swift */ = {isa = PBXFileReference; lastKnownFileType = sourcecode.swift; path = DetailViewModel.swift; sourceTree = "<group>"; };
		2AA2FB2D2757B0B40015E543 /* Planet.swift */ = {isa = PBXFileReference; lastKnownFileType = sourcecode.swift; path = Planet.swift; sourceTree = "<group>"; };
		2AEC894E27592E0E00963989 /* FavoritesManager.swift */ = {isa = PBXFileReference; lastKnownFileType = sourcecode.swift; path = FavoritesManager.swift; sourceTree = "<group>"; };
		9A278399B54D411E1AADCE73 /* Pods-starwars-prozi.release.xcconfig */ = {isa = PBXFileReference; includeInIndex = 1; lastKnownFileType = text.xcconfig; name = "Pods-starwars-prozi.release.xcconfig"; path = "Target Support Files/Pods-starwars-prozi/Pods-starwars-prozi.release.xcconfig"; sourceTree = "<group>"; };
		A330DBE595B64F38B89C3A1C /* Pods-starwars-prozi.debug.xcconfig */ = {isa = PBXFileReference; includeInIndex = 1; lastKnownFileType = text.xcconfig; name = "Pods-starwars-prozi.debug.xcconfig"; path = "Target Support Files/Pods-starwars-prozi/Pods-starwars-prozi.debug.xcconfig"; sourceTree = "<group>"; };
		B2BE03EA2DD41EC157D59939 /* Pods_starwars_prozi.framework */ = {isa = PBXFileReference; explicitFileType = wrapper.framework; includeInIndex = 0; path = Pods_starwars_prozi.framework; sourceTree = BUILT_PRODUCTS_DIR; };
/* End PBXFileReference section */

/* Begin PBXFrameworksBuildPhase section */
		2A13E3902756B07700D85928 /* Frameworks */ = {
			isa = PBXFrameworksBuildPhase;
			buildActionMask = 2147483647;
			files = (
				97071B2F7AAB4E63FA576C5D /* Pods_starwars_prozi.framework in Frameworks */,
			);
			runOnlyForDeploymentPostprocessing = 0;
		};
		2A13E3A92756B07A00D85928 /* Frameworks */ = {
			isa = PBXFrameworksBuildPhase;
			buildActionMask = 2147483647;
			files = (
			);
			runOnlyForDeploymentPostprocessing = 0;
		};
		2A13E3B32756B07A00D85928 /* Frameworks */ = {
			isa = PBXFrameworksBuildPhase;
			buildActionMask = 2147483647;
			files = (
			);
			runOnlyForDeploymentPostprocessing = 0;
		};
/* End PBXFrameworksBuildPhase section */

/* Begin PBXGroup section */
		2A13E38A2756B07700D85928 = {
			isa = PBXGroup;
			children = (
				2A13E3952756B07700D85928 /* starwars-prozi */,
				2A13E3AF2756B07A00D85928 /* starwars-proziTests */,
				2A13E3B92756B07A00D85928 /* starwars-proziUITests */,
				2A13E3942756B07700D85928 /* Products */,
				F7F94A4B21834D0B0C89EB25 /* Pods */,
				B438BF9830821831A6905A6F /* Frameworks */,
			);
			sourceTree = "<group>";
		};
		2A13E3942756B07700D85928 /* Products */ = {
			isa = PBXGroup;
			children = (
				2A13E3932756B07700D85928 /* starwars-prozi.app */,
				2A13E3AC2756B07A00D85928 /* starwars-proziTests.xctest */,
				2A13E3B62756B07A00D85928 /* starwars-proziUITests.xctest */,
			);
			name = Products;
			sourceTree = "<group>";
		};
		2A13E3952756B07700D85928 /* starwars-prozi */ = {
			isa = PBXGroup;
			children = (
				2A13E3A22756B07A00D85928 /* Assets.xcassets */,
				2A1509BB2758F455007CAB75 /* Fonts */,
				2AA2FB2A2757A7170015E543 /* ViewModel */,
				2AA2FB232756F9DD0015E543 /* Extensions */,
				2AA2FB202756F6A40015E543 /* CustomView */,
				2A13E3962756B07700D85928 /* AppDelegate.swift */,
				2A13E3982756B07700D85928 /* SceneDelegate.swift */,
				2A13E3CF2756CA9800D85928 /* Services */,
				2A13E3CE2756CA8600D85928 /* View */,
				2A13E3CD2756CA7B00D85928 /* Model */,
				2A13E3A42756B07A00D85928 /* LaunchScreen.storyboard */,
				2A13E3A72756B07A00D85928 /* Info.plist */,
				2A01D010275E71F900B8B1AF /* starwars_prozi.xcdatamodeld */,
			);
			path = "starwars-prozi";
			sourceTree = "<group>";
		};
		2A13E3AF2756B07A00D85928 /* starwars-proziTests */ = {
			isa = PBXGroup;
			children = (
				2A13E3B02756B07A00D85928 /* starwars_proziTests.swift */,
			);
			path = "starwars-proziTests";
			sourceTree = "<group>";
		};
		2A13E3B92756B07A00D85928 /* starwars-proziUITests */ = {
			isa = PBXGroup;
			children = (
				2A13E3BA2756B07A00D85928 /* starwars_proziUITests.swift */,
				2A13E3BC2756B07A00D85928 /* starwars_proziUITestsLaunchTests.swift */,
			);
			path = "starwars-proziUITests";
			sourceTree = "<group>";
		};
		2A13E3CD2756CA7B00D85928 /* Model */ = {
			isa = PBXGroup;
			children = (
				2A13E3D02756CF7600D85928 /* Character.swift */,
				2AA2FB2D2757B0B40015E543 /* Planet.swift */,
				2A3FAF642757BFE900935C34 /* Species.swift */,
				2A3FAF662757C4C200935C34 /* CharacterList.swift */,
				2A3FAF692757CD6600935C34 /* CompletionStatus.swift */,
				2A1509AE27581BDE007CAB75 /* Film.swift */,
			);
			path = Model;
			sourceTree = "<group>";
		};
		2A13E3CE2756CA8600D85928 /* View */ = {
			isa = PBXGroup;
			children = (
				2A13E39A2756B07700D85928 /* ViewController.swift */,
				2AA2FB282757A65E0015E543 /* DetailViewController.swift */,
				2A1509B927586F61007CAB75 /* DeveloperView.swift */,
			);
			path = View;
			sourceTree = "<group>";
		};
		2A13E3CF2756CA9800D85928 /* Services */ = {
			isa = PBXGroup;
			children = (
				2A13E3C92756CA6600D85928 /* RestManager.swift */,
				2A1509B027582399007CAB75 /* FilmServiceProtocols.swift */,
				2A1509B527585E19007CAB75 /* CharactersServiceProtocols.swift */,
				2A1509B7275869E0007CAB75 /* PlanetServiceProtocols.swift */,
				2AEC894E27592E0E00963989 /* FavoritesManager.swift */,
			);
			path = Services;
			sourceTree = "<group>";
		};
		2A1509BB2758F455007CAB75 /* Fonts */ = {
			isa = PBXGroup;
			children = (
				2A1509BC2758F46A007CAB75 /* Starjout-Normal.ttf */,
			);
			path = Fonts;
			sourceTree = "<group>";
		};
		2AA2FB202756F6A40015E543 /* CustomView */ = {
			isa = PBXGroup;
			children = (
				2AA2FB212756F6BD0015E543 /* MainCell.swift */,
			);
			path = CustomView;
			sourceTree = "<group>";
		};
		2AA2FB232756F9DD0015E543 /* Extensions */ = {
			isa = PBXGroup;
			children = (
				2AA2FB262756FA290015E543 /* StringExtension.swift */,
			);
			path = Extensions;
			sourceTree = "<group>";
		};
		2AA2FB2A2757A7170015E543 /* ViewModel */ = {
			isa = PBXGroup;
			children = (
				2AA2FB2B2757A7290015E543 /* DetailViewModel.swift */,
				2A1509B327585DD3007CAB75 /* MainViewModel.swift */,
			);
			path = ViewModel;
			sourceTree = "<group>";
		};
		B438BF9830821831A6905A6F /* Frameworks */ = {
			isa = PBXGroup;
			children = (
				B2BE03EA2DD41EC157D59939 /* Pods_starwars_prozi.framework */,
			);
			name = Frameworks;
			sourceTree = "<group>";
		};
		F7F94A4B21834D0B0C89EB25 /* Pods */ = {
			isa = PBXGroup;
			children = (
				A330DBE595B64F38B89C3A1C /* Pods-starwars-prozi.debug.xcconfig */,
				9A278399B54D411E1AADCE73 /* Pods-starwars-prozi.release.xcconfig */,
			);
			path = Pods;
			sourceTree = "<group>";
		};
/* End PBXGroup section */

/* Begin PBXNativeTarget section */
		2A13E3922756B07700D85928 /* starwars-prozi */ = {
			isa = PBXNativeTarget;
			buildConfigurationList = 2A13E3C02756B07A00D85928 /* Build configuration list for PBXNativeTarget "starwars-prozi" */;
			buildPhases = (
				79AB0EF4EDC2F2E8E9F32279 /* [CP] Check Pods Manifest.lock */,
				2A13E38F2756B07700D85928 /* Sources */,
				2A13E3902756B07700D85928 /* Frameworks */,
				2A13E3912756B07700D85928 /* Resources */,
				44716A06FB6F3DBAE3BC5919 /* [CP] Embed Pods Frameworks */,
			);
			buildRules = (
			);
			dependencies = (
			);
			name = "starwars-prozi";
			productName = "starwars-prozi";
			productReference = 2A13E3932756B07700D85928 /* starwars-prozi.app */;
			productType = "com.apple.product-type.application";
		};
		2A13E3AB2756B07A00D85928 /* starwars-proziTests */ = {
			isa = PBXNativeTarget;
			buildConfigurationList = 2A13E3C32756B07A00D85928 /* Build configuration list for PBXNativeTarget "starwars-proziTests" */;
			buildPhases = (
				2A13E3A82756B07A00D85928 /* Sources */,
				2A13E3A92756B07A00D85928 /* Frameworks */,
				2A13E3AA2756B07A00D85928 /* Resources */,
			);
			buildRules = (
			);
			dependencies = (
				2A13E3AE2756B07A00D85928 /* PBXTargetDependency */,
			);
			name = "starwars-proziTests";
			productName = "starwars-proziTests";
			productReference = 2A13E3AC2756B07A00D85928 /* starwars-proziTests.xctest */;
			productType = "com.apple.product-type.bundle.unit-test";
		};
		2A13E3B52756B07A00D85928 /* starwars-proziUITests */ = {
			isa = PBXNativeTarget;
			buildConfigurationList = 2A13E3C62756B07A00D85928 /* Build configuration list for PBXNativeTarget "starwars-proziUITests" */;
			buildPhases = (
				2A13E3B22756B07A00D85928 /* Sources */,
				2A13E3B32756B07A00D85928 /* Frameworks */,
				2A13E3B42756B07A00D85928 /* Resources */,
			);
			buildRules = (
			);
			dependencies = (
				2A13E3B82756B07A00D85928 /* PBXTargetDependency */,
			);
			name = "starwars-proziUITests";
			productName = "starwars-proziUITests";
			productReference = 2A13E3B62756B07A00D85928 /* starwars-proziUITests.xctest */;
			productType = "com.apple.product-type.bundle.ui-testing";
		};
/* End PBXNativeTarget section */

/* Begin PBXProject section */
		2A13E38B2756B07700D85928 /* Project object */ = {
			isa = PBXProject;
			attributes = {
				BuildIndependentTargetsInParallel = 1;
				LastSwiftUpdateCheck = 1310;
				LastUpgradeCheck = 1310;
				TargetAttributes = {
					2A13E3922756B07700D85928 = {
						CreatedOnToolsVersion = 13.1;
					};
					2A13E3AB2756B07A00D85928 = {
						CreatedOnToolsVersion = 13.1;
						TestTargetID = 2A13E3922756B07700D85928;
					};
					2A13E3B52756B07A00D85928 = {
						CreatedOnToolsVersion = 13.1;
						TestTargetID = 2A13E3922756B07700D85928;
					};
				};
			};
			buildConfigurationList = 2A13E38E2756B07700D85928 /* Build configuration list for PBXProject "starwars-prozi" */;
			compatibilityVersion = "Xcode 13.0";
			developmentRegion = en;
			hasScannedForEncodings = 0;
			knownRegions = (
				en,
				Base,
			);
			mainGroup = 2A13E38A2756B07700D85928;
			productRefGroup = 2A13E3942756B07700D85928 /* Products */;
			projectDirPath = "";
			projectRoot = "";
			targets = (
				2A13E3922756B07700D85928 /* starwars-prozi */,
				2A13E3AB2756B07A00D85928 /* starwars-proziTests */,
				2A13E3B52756B07A00D85928 /* starwars-proziUITests */,
			);
		};
/* End PBXProject section */

/* Begin PBXResourcesBuildPhase section */
		2A13E3912756B07700D85928 /* Resources */ = {
			isa = PBXResourcesBuildPhase;
			buildActionMask = 2147483647;
			files = (
				2A13E3A62756B07A00D85928 /* LaunchScreen.storyboard in Resources */,
				2A1509BD2758F497007CAB75 /* Starjout-Normal.ttf in Resources */,
				2A13E3A32756B07A00D85928 /* Assets.xcassets in Resources */,
			);
			runOnlyForDeploymentPostprocessing = 0;
		};
		2A13E3AA2756B07A00D85928 /* Resources */ = {
			isa = PBXResourcesBuildPhase;
			buildActionMask = 2147483647;
			files = (
			);
			runOnlyForDeploymentPostprocessing = 0;
		};
		2A13E3B42756B07A00D85928 /* Resources */ = {
			isa = PBXResourcesBuildPhase;
			buildActionMask = 2147483647;
			files = (
			);
			runOnlyForDeploymentPostprocessing = 0;
		};
/* End PBXResourcesBuildPhase section */

/* Begin PBXShellScriptBuildPhase section */
		44716A06FB6F3DBAE3BC5919 /* [CP] Embed Pods Frameworks */ = {
			isa = PBXShellScriptBuildPhase;
			buildActionMask = 2147483647;
			files = (
			);
			inputFileListPaths = (
				"${PODS_ROOT}/Target Support Files/Pods-starwars-prozi/Pods-starwars-prozi-frameworks-${CONFIGURATION}-input-files.xcfilelist",
			);
			name = "[CP] Embed Pods Frameworks";
			outputFileListPaths = (
				"${PODS_ROOT}/Target Support Files/Pods-starwars-prozi/Pods-starwars-prozi-frameworks-${CONFIGURATION}-output-files.xcfilelist",
			);
			runOnlyForDeploymentPostprocessing = 0;
			shellPath = /bin/sh;
			shellScript = "\"${PODS_ROOT}/Target Support Files/Pods-starwars-prozi/Pods-starwars-prozi-frameworks.sh\"\n";
			showEnvVarsInLog = 0;
		};
		79AB0EF4EDC2F2E8E9F32279 /* [CP] Check Pods Manifest.lock */ = {
			isa = PBXShellScriptBuildPhase;
			buildActionMask = 2147483647;
			files = (
			);
			inputFileListPaths = (
			);
			inputPaths = (
				"${PODS_PODFILE_DIR_PATH}/Podfile.lock",
				"${PODS_ROOT}/Manifest.lock",
			);
			name = "[CP] Check Pods Manifest.lock";
			outputFileListPaths = (
			);
			outputPaths = (
				"$(DERIVED_FILE_DIR)/Pods-starwars-prozi-checkManifestLockResult.txt",
			);
			runOnlyForDeploymentPostprocessing = 0;
			shellPath = /bin/sh;
			shellScript = "diff \"${PODS_PODFILE_DIR_PATH}/Podfile.lock\" \"${PODS_ROOT}/Manifest.lock\" > /dev/null\nif [ $? != 0 ] ; then\n    # print error to STDERR\n    echo \"error: The sandbox is not in sync with the Podfile.lock. Run 'pod install' or update your CocoaPods installation.\" >&2\n    exit 1\nfi\n# This output is used by Xcode 'outputs' to avoid re-running this script phase.\necho \"SUCCESS\" > \"${SCRIPT_OUTPUT_FILE_0}\"\n";
			showEnvVarsInLog = 0;
		};
/* End PBXShellScriptBuildPhase section */

/* Begin PBXSourcesBuildPhase section */
		2A13E38F2756B07700D85928 /* Sources */ = {
			isa = PBXSourcesBuildPhase;
			buildActionMask = 2147483647;
			files = (
				2A1509B627585E19007CAB75 /* CharactersServiceProtocols.swift in Sources */,
				2A13E39B2756B07700D85928 /* ViewController.swift in Sources */,
				2A3FAF672757C4C200935C34 /* CharacterList.swift in Sources */,
				2AA2FB222756F6BD0015E543 /* MainCell.swift in Sources */,
				2A13E3CA2756CA6600D85928 /* RestManager.swift in Sources */,
				2AEC894F27592E0E00963989 /* FavoritesManager.swift in Sources */,
				2A3FAF652757BFE900935C34 /* Species.swift in Sources */,
				2A1509B127582399007CAB75 /* FilmServiceProtocols.swift in Sources */,
				2AA2FB2E2757B0B40015E543 /* Planet.swift in Sources */,
				2A3FAF6A2757CD6600935C34 /* CompletionStatus.swift in Sources */,
				2A13E3D12756CF7600D85928 /* Character.swift in Sources */,
				2AA2FB272756FA290015E543 /* StringExtension.swift in Sources */,
				2A1509BA27586F61007CAB75 /* DeveloperView.swift in Sources */,
				2A13E3972756B07700D85928 /* AppDelegate.swift in Sources */,
				2AA2FB292757A65E0015E543 /* DetailViewController.swift in Sources */,
				2A13E3992756B07700D85928 /* SceneDelegate.swift in Sources */,
				2A1509B8275869E0007CAB75 /* PlanetServiceProtocols.swift in Sources */,
				2AA2FB2C2757A7290015E543 /* DetailViewModel.swift in Sources */,
				2A01D012275E71F900B8B1AF /* starwars_prozi.xcdatamodeld in Sources */,
				2A1509AF27581BDE007CAB75 /* Film.swift in Sources */,
				2A1509B427585DD4007CAB75 /* MainViewModel.swift in Sources */,
			);
			runOnlyForDeploymentPostprocessing = 0;
		};
		2A13E3A82756B07A00D85928 /* Sources */ = {
			isa = PBXSourcesBuildPhase;
			buildActionMask = 2147483647;
			files = (
				2A13E3B12756B07A00D85928 /* starwars_proziTests.swift in Sources */,
			);
			runOnlyForDeploymentPostprocessing = 0;
		};
		2A13E3B22756B07A00D85928 /* Sources */ = {
			isa = PBXSourcesBuildPhase;
			buildActionMask = 2147483647;
			files = (
				2A13E3BD2756B07A00D85928 /* starwars_proziUITestsLaunchTests.swift in Sources */,
				2A13E3BB2756B07A00D85928 /* starwars_proziUITests.swift in Sources */,
			);
			runOnlyForDeploymentPostprocessing = 0;
		};
/* End PBXSourcesBuildPhase section */

/* Begin PBXTargetDependency section */
		2A13E3AE2756B07A00D85928 /* PBXTargetDependency */ = {
			isa = PBXTargetDependency;
			target = 2A13E3922756B07700D85928 /* starwars-prozi */;
			targetProxy = 2A13E3AD2756B07A00D85928 /* PBXContainerItemProxy */;
		};
		2A13E3B82756B07A00D85928 /* PBXTargetDependency */ = {
			isa = PBXTargetDependency;
			target = 2A13E3922756B07700D85928 /* starwars-prozi */;
			targetProxy = 2A13E3B72756B07A00D85928 /* PBXContainerItemProxy */;
		};
/* End PBXTargetDependency section */

/* Begin PBXVariantGroup section */
		2A13E3A42756B07A00D85928 /* LaunchScreen.storyboard */ = {
			isa = PBXVariantGroup;
			children = (
				2A13E3A52756B07A00D85928 /* Base */,
			);
			name = LaunchScreen.storyboard;
			sourceTree = "<group>";
		};
/* End PBXVariantGroup section */

/* Begin XCBuildConfiguration section */
		2A13E3BE2756B07A00D85928 /* Debug */ = {
			isa = XCBuildConfiguration;
			buildSettings = {
				ALWAYS_SEARCH_USER_PATHS = NO;
				CLANG_ANALYZER_NONNULL = YES;
				CLANG_ANALYZER_NUMBER_OBJECT_CONVERSION = YES_AGGRESSIVE;
				CLANG_CXX_LANGUAGE_STANDARD = "gnu++17";
				CLANG_CXX_LIBRARY = "libc++";
				CLANG_ENABLE_MODULES = YES;
				CLANG_ENABLE_OBJC_ARC = YES;
				CLANG_ENABLE_OBJC_WEAK = YES;
				CLANG_WARN_BLOCK_CAPTURE_AUTORELEASING = YES;
				CLANG_WARN_BOOL_CONVERSION = YES;
				CLANG_WARN_COMMA = YES;
				CLANG_WARN_CONSTANT_CONVERSION = YES;
				CLANG_WARN_DEPRECATED_OBJC_IMPLEMENTATIONS = YES;
				CLANG_WARN_DIRECT_OBJC_ISA_USAGE = YES_ERROR;
				CLANG_WARN_DOCUMENTATION_COMMENTS = YES;
				CLANG_WARN_EMPTY_BODY = YES;
				CLANG_WARN_ENUM_CONVERSION = YES;
				CLANG_WARN_INFINITE_RECURSION = YES;
				CLANG_WARN_INT_CONVERSION = YES;
				CLANG_WARN_NON_LITERAL_NULL_CONVERSION = YES;
				CLANG_WARN_OBJC_IMPLICIT_RETAIN_SELF = YES;
				CLANG_WARN_OBJC_LITERAL_CONVERSION = YES;
				CLANG_WARN_OBJC_ROOT_CLASS = YES_ERROR;
				CLANG_WARN_QUOTED_INCLUDE_IN_FRAMEWORK_HEADER = YES;
				CLANG_WARN_RANGE_LOOP_ANALYSIS = YES;
				CLANG_WARN_STRICT_PROTOTYPES = YES;
				CLANG_WARN_SUSPICIOUS_MOVE = YES;
				CLANG_WARN_UNGUARDED_AVAILABILITY = YES_AGGRESSIVE;
				CLANG_WARN_UNREACHABLE_CODE = YES;
				CLANG_WARN__DUPLICATE_METHOD_MATCH = YES;
				COPY_PHASE_STRIP = NO;
				DEBUG_INFORMATION_FORMAT = dwarf;
				ENABLE_STRICT_OBJC_MSGSEND = YES;
				ENABLE_TESTABILITY = YES;
				GCC_C_LANGUAGE_STANDARD = gnu11;
				GCC_DYNAMIC_NO_PIC = NO;
				GCC_NO_COMMON_BLOCKS = YES;
				GCC_OPTIMIZATION_LEVEL = 0;
				GCC_PREPROCESSOR_DEFINITIONS = (
					"DEBUG=1",
					"$(inherited)",
				);
				GCC_WARN_64_TO_32_BIT_CONVERSION = YES;
				GCC_WARN_ABOUT_RETURN_TYPE = YES_ERROR;
				GCC_WARN_UNDECLARED_SELECTOR = YES;
				GCC_WARN_UNINITIALIZED_AUTOS = YES_AGGRESSIVE;
				GCC_WARN_UNUSED_FUNCTION = YES;
				GCC_WARN_UNUSED_VARIABLE = YES;
				IPHONEOS_DEPLOYMENT_TARGET = 15.0;
				MTL_ENABLE_DEBUG_INFO = INCLUDE_SOURCE;
				MTL_FAST_MATH = YES;
				ONLY_ACTIVE_ARCH = YES;
				SDKROOT = iphoneos;
				SWIFT_ACTIVE_COMPILATION_CONDITIONS = DEBUG;
				SWIFT_OPTIMIZATION_LEVEL = "-Onone";
			};
			name = Debug;
		};
		2A13E3BF2756B07A00D85928 /* Release */ = {
			isa = XCBuildConfiguration;
			buildSettings = {
				ALWAYS_SEARCH_USER_PATHS = NO;
				CLANG_ANALYZER_NONNULL = YES;
				CLANG_ANALYZER_NUMBER_OBJECT_CONVERSION = YES_AGGRESSIVE;
				CLANG_CXX_LANGUAGE_STANDARD = "gnu++17";
				CLANG_CXX_LIBRARY = "libc++";
				CLANG_ENABLE_MODULES = YES;
				CLANG_ENABLE_OBJC_ARC = YES;
				CLANG_ENABLE_OBJC_WEAK = YES;
				CLANG_WARN_BLOCK_CAPTURE_AUTORELEASING = YES;
				CLANG_WARN_BOOL_CONVERSION = YES;
				CLANG_WARN_COMMA = YES;
				CLANG_WARN_CONSTANT_CONVERSION = YES;
				CLANG_WARN_DEPRECATED_OBJC_IMPLEMENTATIONS = YES;
				CLANG_WARN_DIRECT_OBJC_ISA_USAGE = YES_ERROR;
				CLANG_WARN_DOCUMENTATION_COMMENTS = YES;
				CLANG_WARN_EMPTY_BODY = YES;
				CLANG_WARN_ENUM_CONVERSION = YES;
				CLANG_WARN_INFINITE_RECURSION = YES;
				CLANG_WARN_INT_CONVERSION = YES;
				CLANG_WARN_NON_LITERAL_NULL_CONVERSION = YES;
				CLANG_WARN_OBJC_IMPLICIT_RETAIN_SELF = YES;
				CLANG_WARN_OBJC_LITERAL_CONVERSION = YES;
				CLANG_WARN_OBJC_ROOT_CLASS = YES_ERROR;
				CLANG_WARN_QUOTED_INCLUDE_IN_FRAMEWORK_HEADER = YES;
				CLANG_WARN_RANGE_LOOP_ANALYSIS = YES;
				CLANG_WARN_STRICT_PROTOTYPES = YES;
				CLANG_WARN_SUSPICIOUS_MOVE = YES;
				CLANG_WARN_UNGUARDED_AVAILABILITY = YES_AGGRESSIVE;
				CLANG_WARN_UNREACHABLE_CODE = YES;
				CLANG_WARN__DUPLICATE_METHOD_MATCH = YES;
				COPY_PHASE_STRIP = NO;
				DEBUG_INFORMATION_FORMAT = "dwarf-with-dsym";
				ENABLE_NS_ASSERTIONS = NO;
				ENABLE_STRICT_OBJC_MSGSEND = YES;
				GCC_C_LANGUAGE_STANDARD = gnu11;
				GCC_NO_COMMON_BLOCKS = YES;
				GCC_WARN_64_TO_32_BIT_CONVERSION = YES;
				GCC_WARN_ABOUT_RETURN_TYPE = YES_ERROR;
				GCC_WARN_UNDECLARED_SELECTOR = YES;
				GCC_WARN_UNINITIALIZED_AUTOS = YES_AGGRESSIVE;
				GCC_WARN_UNUSED_FUNCTION = YES;
				GCC_WARN_UNUSED_VARIABLE = YES;
				IPHONEOS_DEPLOYMENT_TARGET = 15.0;
				MTL_ENABLE_DEBUG_INFO = NO;
				MTL_FAST_MATH = YES;
				SDKROOT = iphoneos;
				SWIFT_COMPILATION_MODE = wholemodule;
				SWIFT_OPTIMIZATION_LEVEL = "-O";
				VALIDATE_PRODUCT = YES;
			};
			name = Release;
		};
		2A13E3C12756B07A00D85928 /* Debug */ = {
			isa = XCBuildConfiguration;
			baseConfigurationReference = A330DBE595B64F38B89C3A1C /* Pods-starwars-prozi.debug.xcconfig */;
			buildSettings = {
				ASSETCATALOG_COMPILER_APPICON_NAME = AppIcon;
				ASSETCATALOG_COMPILER_GLOBAL_ACCENT_COLOR_NAME = AccentColor;
				CODE_SIGN_STYLE = Automatic;
				CURRENT_PROJECT_VERSION = 1;
				DEVELOPMENT_TEAM = G42Z863W7H;
				GENERATE_INFOPLIST_FILE = YES;
				INFOPLIST_FILE = "starwars-prozi/Info.plist";
				INFOPLIST_KEY_UIApplicationSupportsIndirectInputEvents = YES;
				INFOPLIST_KEY_UILaunchStoryboardName = LaunchScreen;
				INFOPLIST_KEY_UIMainStoryboardFile = LaunchScreen;
				INFOPLIST_KEY_UISupportedInterfaceOrientations_iPad = "UIInterfaceOrientationPortrait UIInterfaceOrientationPortraitUpsideDown UIInterfaceOrientationLandscapeLeft UIInterfaceOrientationLandscapeRight";
				INFOPLIST_KEY_UISupportedInterfaceOrientations_iPhone = "UIInterfaceOrientationPortrait UIInterfaceOrientationLandscapeLeft UIInterfaceOrientationLandscapeRight";
				LD_RUNPATH_SEARCH_PATHS = (
					"$(inherited)",
					"@executable_path/Frameworks",
				);
				MARKETING_VERSION = 1.0;
				PRODUCT_BUNDLE_IDENTIFIER = "rodrigofranzoi.starwars-prozi";
				PRODUCT_NAME = "$(TARGET_NAME)";
				SWIFT_EMIT_LOC_STRINGS = YES;
				SWIFT_VERSION = 5.0;
				TARGETED_DEVICE_FAMILY = "1,2";
			};
			name = Debug;
		};
		2A13E3C22756B07A00D85928 /* Release */ = {
			isa = XCBuildConfiguration;
			baseConfigurationReference = 9A278399B54D411E1AADCE73 /* Pods-starwars-prozi.release.xcconfig */;
			buildSettings = {
				ASSETCATALOG_COMPILER_APPICON_NAME = AppIcon;
				ASSETCATALOG_COMPILER_GLOBAL_ACCENT_COLOR_NAME = AccentColor;
				CODE_SIGN_STYLE = Automatic;
				CURRENT_PROJECT_VERSION = 1;
				DEVELOPMENT_TEAM = G42Z863W7H;
				GENERATE_INFOPLIST_FILE = YES;
				INFOPLIST_FILE = "starwars-prozi/Info.plist";
				INFOPLIST_KEY_UIApplicationSupportsIndirectInputEvents = YES;
				INFOPLIST_KEY_UILaunchStoryboardName = LaunchScreen;
				INFOPLIST_KEY_UIMainStoryboardFile = LaunchScreen;
				INFOPLIST_KEY_UISupportedInterfaceOrientations_iPad = "UIInterfaceOrientationPortrait UIInterfaceOrientationPortraitUpsideDown UIInterfaceOrientationLandscapeLeft UIInterfaceOrientationLandscapeRight";
				INFOPLIST_KEY_UISupportedInterfaceOrientations_iPhone = "UIInterfaceOrientationPortrait UIInterfaceOrientationLandscapeLeft UIInterfaceOrientationLandscapeRight";
				LD_RUNPATH_SEARCH_PATHS = (
					"$(inherited)",
					"@executable_path/Frameworks",
				);
				MARKETING_VERSION = 1.0;
				PRODUCT_BUNDLE_IDENTIFIER = "rodrigofranzoi.starwars-prozi";
				PRODUCT_NAME = "$(TARGET_NAME)";
				SWIFT_EMIT_LOC_STRINGS = YES;
				SWIFT_VERSION = 5.0;
				TARGETED_DEVICE_FAMILY = "1,2";
			};
			name = Release;
		};
		2A13E3C42756B07A00D85928 /* Debug */ = {
			isa = XCBuildConfiguration;
			buildSettings = {
				ALWAYS_EMBED_SWIFT_STANDARD_LIBRARIES = YES;
				BUNDLE_LOADER = "$(TEST_HOST)";
				CODE_SIGN_STYLE = Automatic;
				CURRENT_PROJECT_VERSION = 1;
				DEVELOPMENT_TEAM = G42Z863W7H;
				GENERATE_INFOPLIST_FILE = YES;
				IPHONEOS_DEPLOYMENT_TARGET = 15.0;
				LD_RUNPATH_SEARCH_PATHS = (
					"$(inherited)",
					"@executable_path/Frameworks",
					"@loader_path/Frameworks",
				);
				MARKETING_VERSION = 1.0;
				PRODUCT_BUNDLE_IDENTIFIER = "rodrigofranzoi.starwars-proziTests";
				PRODUCT_NAME = "$(TARGET_NAME)";
				SWIFT_EMIT_LOC_STRINGS = NO;
				SWIFT_VERSION = 5.0;
				TARGETED_DEVICE_FAMILY = "1,2";
				TEST_HOST = "$(BUILT_PRODUCTS_DIR)/starwars-prozi.app/starwars-prozi";
			};
			name = Debug;
		};
		2A13E3C52756B07A00D85928 /* Release */ = {
			isa = XCBuildConfiguration;
			buildSettings = {
				ALWAYS_EMBED_SWIFT_STANDARD_LIBRARIES = YES;
				BUNDLE_LOADER = "$(TEST_HOST)";
				CODE_SIGN_STYLE = Automatic;
				CURRENT_PROJECT_VERSION = 1;
				DEVELOPMENT_TEAM = G42Z863W7H;
				GENERATE_INFOPLIST_FILE = YES;
				IPHONEOS_DEPLOYMENT_TARGET = 15.0;
				LD_RUNPATH_SEARCH_PATHS = (
					"$(inherited)",
					"@executable_path/Frameworks",
					"@loader_path/Frameworks",
				);
				MARKETING_VERSION = 1.0;
				PRODUCT_BUNDLE_IDENTIFIER = "rodrigofranzoi.starwars-proziTests";
				PRODUCT_NAME = "$(TARGET_NAME)";
				SWIFT_EMIT_LOC_STRINGS = NO;
				SWIFT_VERSION = 5.0;
				TARGETED_DEVICE_FAMILY = "1,2";
				TEST_HOST = "$(BUILT_PRODUCTS_DIR)/starwars-prozi.app/starwars-prozi";
			};
			name = Release;
		};
		2A13E3C72756B07A00D85928 /* Debug */ = {
			isa = XCBuildConfiguration;
			buildSettings = {
				ALWAYS_EMBED_SWIFT_STANDARD_LIBRARIES = YES;
				CODE_SIGN_STYLE = Automatic;
				CURRENT_PROJECT_VERSION = 1;
				DEVELOPMENT_TEAM = G42Z863W7H;
				GENERATE_INFOPLIST_FILE = YES;
				LD_RUNPATH_SEARCH_PATHS = (
					"$(inherited)",
					"@executable_path/Frameworks",
					"@loader_path/Frameworks",
				);
				MARKETING_VERSION = 1.0;
				PRODUCT_BUNDLE_IDENTIFIER = "rodrigofranzoi.starwars-proziUITests";
				PRODUCT_NAME = "$(TARGET_NAME)";
				SWIFT_EMIT_LOC_STRINGS = NO;
				SWIFT_VERSION = 5.0;
				TARGETED_DEVICE_FAMILY = "1,2";
				TEST_TARGET_NAME = "starwars-prozi";
			};
			name = Debug;
		};
		2A13E3C82756B07A00D85928 /* Release */ = {
			isa = XCBuildConfiguration;
			buildSettings = {
				ALWAYS_EMBED_SWIFT_STANDARD_LIBRARIES = YES;
				CODE_SIGN_STYLE = Automatic;
				CURRENT_PROJECT_VERSION = 1;
				DEVELOPMENT_TEAM = G42Z863W7H;
				GENERATE_INFOPLIST_FILE = YES;
				LD_RUNPATH_SEARCH_PATHS = (
					"$(inherited)",
					"@executable_path/Frameworks",
					"@loader_path/Frameworks",
				);
				MARKETING_VERSION = 1.0;
				PRODUCT_BUNDLE_IDENTIFIER = "rodrigofranzoi.starwars-proziUITests";
				PRODUCT_NAME = "$(TARGET_NAME)";
				SWIFT_EMIT_LOC_STRINGS = NO;
				SWIFT_VERSION = 5.0;
				TARGETED_DEVICE_FAMILY = "1,2";
				TEST_TARGET_NAME = "starwars-prozi";
			};
			name = Release;
		};
/* End XCBuildConfiguration section */

/* Begin XCConfigurationList section */
		2A13E38E2756B07700D85928 /* Build configuration list for PBXProject "starwars-prozi" */ = {
			isa = XCConfigurationList;
			buildConfigurations = (
				2A13E3BE2756B07A00D85928 /* Debug */,
				2A13E3BF2756B07A00D85928 /* Release */,
			);
			defaultConfigurationIsVisible = 0;
			defaultConfigurationName = Release;
		};
		2A13E3C02756B07A00D85928 /* Build configuration list for PBXNativeTarget "starwars-prozi" */ = {
			isa = XCConfigurationList;
			buildConfigurations = (
				2A13E3C12756B07A00D85928 /* Debug */,
				2A13E3C22756B07A00D85928 /* Release */,
			);
			defaultConfigurationIsVisible = 0;
			defaultConfigurationName = Release;
		};
		2A13E3C32756B07A00D85928 /* Build configuration list for PBXNativeTarget "starwars-proziTests" */ = {
			isa = XCConfigurationList;
			buildConfigurations = (
				2A13E3C42756B07A00D85928 /* Debug */,
				2A13E3C52756B07A00D85928 /* Release */,
			);
			defaultConfigurationIsVisible = 0;
			defaultConfigurationName = Release;
		};
		2A13E3C62756B07A00D85928 /* Build configuration list for PBXNativeTarget "starwars-proziUITests" */ = {
			isa = XCConfigurationList;
			buildConfigurations = (
				2A13E3C72756B07A00D85928 /* Debug */,
				2A13E3C82756B07A00D85928 /* Release */,
			);
			defaultConfigurationIsVisible = 0;
			defaultConfigurationName = Release;
		};
/* End XCConfigurationList section */

/* Begin XCVersionGroup section */
		2A01D010275E71F900B8B1AF /* starwars_prozi.xcdatamodeld */ = {
			isa = XCVersionGroup;
			children = (
				2A01D011275E71F900B8B1AF /* starwars_prozi.xcdatamodel */,
			);
			currentVersion = 2A01D011275E71F900B8B1AF /* starwars_prozi.xcdatamodel */;
			path = starwars_prozi.xcdatamodeld;
			sourceTree = "<group>";
			versionGroupType = wrapper.xcdatamodel;
		};
/* End XCVersionGroup section */
	};
	rootObject = 2A13E38B2756B07700D85928 /* Project object */;
}
